
Microsoft Visual Studio Solution File, Format Version 12.00
# Visual Studio 2012
Project("{FAE04EC0-301F-11D3-BF4B-00C04F79EFBC}") = "GreedyDrarf", "GreedyDrarf\GreedyDrarf.csproj", "{B9AADA48-ED80-4AE7-B651-6B077AFF0EA2}"
EndProject
Global
	GlobalSection(SolutionConfigurationPlatforms) = preSolution
		Debug|x86 = Debug|x86
		Release|x86 = Release|x86
	EndGlobalSection
	GlobalSection(ProjectConfigurationPlatforms) = postSolution
		{B9AADA48-ED80-4AE7-B651-6B077AFF0EA2}.Debug|x86.ActiveCfg = Debug|x86
		{B9AADA48-ED80-4AE7-B651-6B077AFF0EA2}.Debug|x86.Build.0 = Debug|x86
		{B9AADA48-ED80-4AE7-B651-6B077AFF0EA2}.Release|x86.ActiveCfg = Release|x86
		{B9AADA48-ED80-4AE7-B651-6B077AFF0EA2}.Release|x86.Build.0 = Release|x86
	EndGlobalSection
	GlobalSection(MonoDevelopProperties) = preSolution
		StartupItem = GreedyDrarf\GreedyDrarf.csproj
	EndGlobalSection
EndGlobal
